// !$*UTF8*$!
{
	archiveVersion = 1;
	classes = {
	};
	objectVersion = 50;
	objects = {

/* Begin PBXBuildFile section */
		FF13C24723114FF60082A989 /* TimeStruct.swift in Sources */ = {isa = PBXBuildFile; fileRef = FF13C24623114FF60082A989 /* TimeStruct.swift */; };
		FF81388E2310E12D0008D633 /* AppDelegate.swift in Sources */ = {isa = PBXBuildFile; fileRef = FF81388D2310E12D0008D633 /* AppDelegate.swift */; };
		FF8138902310E12D0008D633 /* ViewController.swift in Sources */ = {isa = PBXBuildFile; fileRef = FF81388F2310E12D0008D633 /* ViewController.swift */; };
		FF8138932310E12D0008D633 /* Main.storyboard in Resources */ = {isa = PBXBuildFile; fileRef = FF8138912310E12D0008D633 /* Main.storyboard */; };
		FF8138952310E12E0008D633 /* Assets.xcassets in Resources */ = {isa = PBXBuildFile; fileRef = FF8138942310E12E0008D633 /* Assets.xcassets */; };
		FF8138982310E12E0008D633 /* LaunchScreen.storyboard in Resources */ = {isa = PBXBuildFile; fileRef = FF8138962310E12E0008D633 /* LaunchScreen.storyboard */; };
		FF8138A32310E12E0008D633 /* WhiteSleepTests.swift in Sources */ = {isa = PBXBuildFile; fileRef = FF8138A22310E12E0008D633 /* WhiteSleepTests.swift */; };
		FF8138AE2310E12E0008D633 /* WhiteSleepUITests.swift in Sources */ = {isa = PBXBuildFile; fileRef = FF8138AD2310E12E0008D633 /* WhiteSleepUITests.swift */; };
		FF8138BF2310EEFA0008D633 /* ShushingBabyShort.mp3 in Resources */ = {isa = PBXBuildFile; fileRef = FF8138BE2310EEFA0008D633 /* ShushingBabyShort.mp3 */; };
/* End PBXBuildFile section */

/* Begin PBXContainerItemProxy section */
		FF81389F2310E12E0008D633 /* PBXContainerItemProxy */ = {
			isa = PBXContainerItemProxy;
			containerPortal = FF8138822310E12D0008D633 /* Project object */;
			proxyType = 1;
			remoteGlobalIDString = FF8138892310E12D0008D633;
			remoteInfo = WhiteSleep;
		};
		FF8138AA2310E12E0008D633 /* PBXContainerItemProxy */ = {
			isa = PBXContainerItemProxy;
			containerPortal = FF8138822310E12D0008D633 /* Project object */;
			proxyType = 1;
			remoteGlobalIDString = FF8138892310E12D0008D633;
			remoteInfo = WhiteSleep;
		};
/* End PBXContainerItemProxy section */

/* Begin PBXFileReference section */
		FF13C24623114FF60082A989 /* TimeStruct.swift */ = {isa = PBXFileReference; fileEncoding = 4; lastKnownFileType = sourcecode.swift; path = TimeStruct.swift; sourceTree = "<group>"; };
		FF81388A2310E12D0008D633 /* WhiteSleep.app */ = {isa = PBXFileReference; explicitFileType = wrapper.application; includeInIndex = 0; path = WhiteSleep.app; sourceTree = BUILT_PRODUCTS_DIR; };
		FF81388D2310E12D0008D633 /* AppDelegate.swift */ = {isa = PBXFileReference; lastKnownFileType = sourcecode.swift; path = AppDelegate.swift; sourceTree = "<group>"; };
		FF81388F2310E12D0008D633 /* ViewController.swift */ = {isa = PBXFileReference; lastKnownFileType = sourcecode.swift; path = ViewController.swift; sourceTree = "<group>"; };
		FF8138922310E12D0008D633 /* Base */ = {isa = PBXFileReference; lastKnownFileType = file.storyboard; name = Base; path = Base.lproj/Main.storyboard; sourceTree = "<group>"; };
		FF8138942310E12E0008D633 /* Assets.xcassets */ = {isa = PBXFileReference; lastKnownFileType = folder.assetcatalog; path = Assets.xcassets; sourceTree = "<group>"; };
		FF8138972310E12E0008D633 /* Base */ = {isa = PBXFileReference; lastKnownFileType = file.storyboard; name = Base; path = Base.lproj/LaunchScreen.storyboard; sourceTree = "<group>"; };
		FF8138992310E12E0008D633 /* Info.plist */ = {isa = PBXFileReference; lastKnownFileType = text.plist.xml; path = Info.plist; sourceTree = "<group>"; };
		FF81389E2310E12E0008D633 /* WhiteSleepTests.xctest */ = {isa = PBXFileReference; explicitFileType = wrapper.cfbundle; includeInIndex = 0; path = WhiteSleepTests.xctest; sourceTree = BUILT_PRODUCTS_DIR; };
		FF8138A22310E12E0008D633 /* WhiteSleepTests.swift */ = {isa = PBXFileReference; lastKnownFileType = sourcecode.swift; path = WhiteSleepTests.swift; sourceTree = "<group>"; };
		FF8138A42310E12E0008D633 /* Info.plist */ = {isa = PBXFileReference; lastKnownFileType = text.plist.xml; path = Info.plist; sourceTree = "<group>"; };
		FF8138A92310E12E0008D633 /* WhiteSleepUITests.xctest */ = {isa = PBXFileReference; explicitFileType = wrapper.cfbundle; includeInIndex = 0; path = WhiteSleepUITests.xctest; sourceTree = BUILT_PRODUCTS_DIR; };
		FF8138AD2310E12E0008D633 /* WhiteSleepUITests.swift */ = {isa = PBXFileReference; lastKnownFileType = sourcecode.swift; path = WhiteSleepUITests.swift; sourceTree = "<group>"; };
		FF8138AF2310E12E0008D633 /* Info.plist */ = {isa = PBXFileReference; lastKnownFileType = text.plist.xml; path = Info.plist; sourceTree = "<group>"; };
		FF8138BE2310EEFA0008D633 /* ShushingBabyShort.mp3 */ = {isa = PBXFileReference; lastKnownFileType = audio.mp3; name = ShushingBabyShort.mp3; path = ../../../Downloads/ShushingBabyShort.mp3; sourceTree = "<group>"; };
/* End PBXFileReference section */

/* Begin PBXFrameworksBuildPhase section */
		FF8138872310E12D0008D633 /* Frameworks */ = {
			isa = PBXFrameworksBuildPhase;
			buildActionMask = 2147483647;
			files = (
			);
			runOnlyForDeploymentPostprocessing = 0;
		};
		FF81389B2310E12E0008D633 /* Frameworks */ = {
			isa = PBXFrameworksBuildPhase;
			buildActionMask = 2147483647;
			files = (
			);
			runOnlyForDeploymentPostprocessing = 0;
		};
		FF8138A62310E12E0008D633 /* Frameworks */ = {
			isa = PBXFrameworksBuildPhase;
			buildActionMask = 2147483647;
			files = (
			);
			runOnlyForDeploymentPostprocessing = 0;
		};
/* End PBXFrameworksBuildPhase section */

/* Begin PBXGroup section */
		FF8138812310E12D0008D633 = {
			isa = PBXGroup;
			children = (
				FF8138BD2310EBAC0008D633 /* Resource */,
				FF81388C2310E12D0008D633 /* WhiteSleep */,
				FF8138A12310E12E0008D633 /* WhiteSleepTests */,
				FF8138AC2310E12E0008D633 /* WhiteSleepUITests */,
				FF81388B2310E12D0008D633 /* Products */,
			);
			sourceTree = "<group>";
		};
		FF81388B2310E12D0008D633 /* Products */ = {
			isa = PBXGroup;
			children = (
				FF81388A2310E12D0008D633 /* WhiteSleep.app */,
				FF81389E2310E12E0008D633 /* WhiteSleepTests.xctest */,
				FF8138A92310E12E0008D633 /* WhiteSleepUITests.xctest */,
			);
			name = Products;
			sourceTree = "<group>";
		};
		FF81388C2310E12D0008D633 /* WhiteSleep */ = {
			isa = PBXGroup;
			children = (
				FF81388D2310E12D0008D633 /* AppDelegate.swift */,
				FF13C24623114FF60082A989 /* TimeStruct.swift */,
				FF81388F2310E12D0008D633 /* ViewController.swift */,
				FF8138BE2310EEFA0008D633 /* ShushingBabyShort.mp3 */,
				FF8138912310E12D0008D633 /* Main.storyboard */,
				FF8138942310E12E0008D633 /* Assets.xcassets */,
				FF8138962310E12E0008D633 /* LaunchScreen.storyboard */,
				FF8138992310E12E0008D633 /* Info.plist */,
			);
			path = WhiteSleep;
			sourceTree = "<group>";
		};
		FF8138A12310E12E0008D633 /* WhiteSleepTests */ = {
			isa = PBXGroup;
			children = (
				FF8138A22310E12E0008D633 /* WhiteSleepTests.swift */,
				FF8138A42310E12E0008D633 /* Info.plist */,
			);
			path = WhiteSleepTests;
			sourceTree = "<group>";
		};
		FF8138AC2310E12E0008D633 /* WhiteSleepUITests */ = {
			isa = PBXGroup;
			children = (
				FF8138AD2310E12E0008D633 /* WhiteSleepUITests.swift */,
				FF8138AF2310E12E0008D633 /* Info.plist */,
			);
			path = WhiteSleepUITests;
			sourceTree = "<group>";
		};
		FF8138BD2310EBAC0008D633 /* Resource */ = {
			isa = PBXGroup;
			children = (
			);
			path = Resource;
			sourceTree = "<group>";
		};
/* End PBXGroup section */

/* Begin PBXNativeTarget section */
		FF8138892310E12D0008D633 /* WhiteSleep */ = {
			isa = PBXNativeTarget;
			buildConfigurationList = FF8138B22310E12E0008D633 /* Build configuration list for PBXNativeTarget "WhiteSleep" */;
			buildPhases = (
				FF8138862310E12D0008D633 /* Sources */,
				FF8138872310E12D0008D633 /* Frameworks */,
				FF8138882310E12D0008D633 /* Resources */,
			);
			buildRules = (
			);
			dependencies = (
			);
			name = WhiteSleep;
			productName = WhiteSleep;
			productReference = FF81388A2310E12D0008D633 /* WhiteSleep.app */;
			productType = "com.apple.product-type.application";
		};
		FF81389D2310E12E0008D633 /* WhiteSleepTests */ = {
			isa = PBXNativeTarget;
			buildConfigurationList = FF8138B52310E12E0008D633 /* Build configuration list for PBXNativeTarget "WhiteSleepTests" */;
			buildPhases = (
				FF81389A2310E12E0008D633 /* Sources */,
				FF81389B2310E12E0008D633 /* Frameworks */,
				FF81389C2310E12E0008D633 /* Resources */,
			);
			buildRules = (
			);
			dependencies = (
				FF8138A02310E12E0008D633 /* PBXTargetDependency */,
			);
			name = WhiteSleepTests;
			productName = WhiteSleepTests;
			productReference = FF81389E2310E12E0008D633 /* WhiteSleepTests.xctest */;
			productType = "com.apple.product-type.bundle.unit-test";
		};
		FF8138A82310E12E0008D633 /* WhiteSleepUITests */ = {
			isa = PBXNativeTarget;
			buildConfigurationList = FF8138B82310E12E0008D633 /* Build configuration list for PBXNativeTarget "WhiteSleepUITests" */;
			buildPhases = (
				FF8138A52310E12E0008D633 /* Sources */,
				FF8138A62310E12E0008D633 /* Frameworks */,
				FF8138A72310E12E0008D633 /* Resources */,
			);
			buildRules = (
			);
			dependencies = (
				FF8138AB2310E12E0008D633 /* PBXTargetDependency */,
			);
			name = WhiteSleepUITests;
			productName = WhiteSleepUITests;
			productReference = FF8138A92310E12E0008D633 /* WhiteSleepUITests.xctest */;
			productType = "com.apple.product-type.bundle.ui-testing";
		};
/* End PBXNativeTarget section */

/* Begin PBXProject section */
		FF8138822310E12D0008D633 /* Project object */ = {
			isa = PBXProject;
			attributes = {
				LastSwiftUpdateCheck = 1030;
				LastUpgradeCheck = 1030;
				ORGANIZATIONNAME = "an vu";
				TargetAttributes = {
					FF8138892310E12D0008D633 = {
						CreatedOnToolsVersion = 10.3;
						SystemCapabilities = {
							com.apple.BackgroundModes = {
								enabled = 1;
							};
						};
					};
					FF81389D2310E12E0008D633 = {
						CreatedOnToolsVersion = 10.3;
						TestTargetID = FF8138892310E12D0008D633;
					};
					FF8138A82310E12E0008D633 = {
						CreatedOnToolsVersion = 10.3;
						TestTargetID = FF8138892310E12D0008D633;
					};
				};
			};
			buildConfigurationList = FF8138852310E12D0008D633 /* Build configuration list for PBXProject "WhiteSleep" */;
			compatibilityVersion = "Xcode 9.3";
			developmentRegion = en;
			hasScannedForEncodings = 0;
			knownRegions = (
				en,
				Base,
			);
			mainGroup = FF8138812310E12D0008D633;
			productRefGroup = FF81388B2310E12D0008D633 /* Products */;
			projectDirPath = "";
			projectRoot = "";
			targets = (
				FF8138892310E12D0008D633 /* WhiteSleep */,
				FF81389D2310E12E0008D633 /* WhiteSleepTests */,
				FF8138A82310E12E0008D633 /* WhiteSleepUITests */,
			);
		};
/* End PBXProject section */

/* Begin PBXResourcesBuildPhase section */
		FF8138882310E12D0008D633 /* Resources */ = {
			isa = PBXResourcesBuildPhase;
			buildActionMask = 2147483647;
			files = (
				FF8138982310E12E0008D633 /* LaunchScreen.storyboard in Resources */,
				FF8138952310E12E0008D633 /* Assets.xcassets in Resources */,
				FF8138BF2310EEFA0008D633 /* ShushingBabyShort.mp3 in Resources */,
				FF8138932310E12D0008D633 /* Main.storyboard in Resources */,
			);
			runOnlyForDeploymentPostprocessing = 0;
		};
		FF81389C2310E12E0008D633 /* Resources */ = {
			isa = PBXResourcesBuildPhase;
			buildActionMask = 2147483647;
			files = (
			);
			runOnlyForDeploymentPostprocessing = 0;
		};
		FF8138A72310E12E0008D633 /* Resources */ = {
			isa = PBXResourcesBuildPhase;
			buildActionMask = 2147483647;
			files = (
			);
			runOnlyForDeploymentPostprocessing = 0;
		};
/* End PBXResourcesBuildPhase section */

/* Begin PBXSourcesBuildPhase section */
		FF8138862310E12D0008D633 /* Sources */ = {
			isa = PBXSourcesBuildPhase;
			buildActionMask = 2147483647;
			files = (
				FF13C24723114FF60082A989 /* TimeStruct.swift in Sources */,
				FF8138902310E12D0008D633 /* ViewController.swift in Sources */,
				FF81388E2310E12D0008D633 /* AppDelegate.swift in Sources */,
			);
			runOnlyForDeploymentPostprocessing = 0;
		};
		FF81389A2310E12E0008D633 /* Sources */ = {
			isa = PBXSourcesBuildPhase;
			buildActionMask = 2147483647;
			files = (
				FF8138A32310E12E0008D633 /* WhiteSleepTests.swift in Sources */,
			);
			runOnlyForDeploymentPostprocessing = 0;
		};
		FF8138A52310E12E0008D633 /* Sources */ = {
			isa = PBXSourcesBuildPhase;
			buildActionMask = 2147483647;
			files = (
				FF8138AE2310E12E0008D633 /* WhiteSleepUITests.swift in Sources */,
			);
			runOnlyForDeploymentPostprocessing = 0;
		};
/* End PBXSourcesBuildPhase section */

/* Begin PBXTargetDependency section */
		FF8138A02310E12E0008D633 /* PBXTargetDependency */ = {
			isa = PBXTargetDependency;
			target = FF8138892310E12D0008D633 /* WhiteSleep */;
			targetProxy = FF81389F2310E12E0008D633 /* PBXContainerItemProxy */;
		};
		FF8138AB2310E12E0008D633 /* PBXTargetDependency */ = {
			isa = PBXTargetDependency;
			target = FF8138892310E12D0008D633 /* WhiteSleep */;
			targetProxy = FF8138AA2310E12E0008D633 /* PBXContainerItemProxy */;
		};
/* End PBXTargetDependency section */

/* Begin PBXVariantGroup section */
		FF8138912310E12D0008D633 /* Main.storyboard */ = {
			isa = PBXVariantGroup;
			children = (
				FF8138922310E12D0008D633 /* Base */,
			);
			name = Main.storyboard;
			sourceTree = "<group>";
		};
		FF8138962310E12E0008D633 /* LaunchScreen.storyboard */ = {
			isa = PBXVariantGroup;
			children = (
				FF8138972310E12E0008D633 /* Base */,
			);
			name = LaunchScreen.storyboard;
			sourceTree = "<group>";
		};
/* End PBXVariantGroup section */

/* Begin XCBuildConfiguration section */
		FF8138B02310E12E0008D633 /* Debug */ = {
			isa = XCBuildConfiguration;
			buildSettings = {
				ALWAYS_SEARCH_USER_PATHS = NO;
				CLANG_ANALYZER_NONNULL = YES;
				CLANG_ANALYZER_NUMBER_OBJECT_CONVERSION = YES_AGGRESSIVE;
				CLANG_CXX_LANGUAGE_STANDARD = "gnu++14";
				CLANG_CXX_LIBRARY = "libc++";
				CLANG_ENABLE_MODULES = YES;
				CLANG_ENABLE_OBJC_ARC = YES;
				CLANG_ENABLE_OBJC_WEAK = YES;
				CLANG_WARN_BLOCK_CAPTURE_AUTORELEASING = YES;
				CLANG_WARN_BOOL_CONVERSION = YES;
				CLANG_WARN_COMMA = YES;
				CLANG_WARN_CONSTANT_CONVERSION = YES;
				CLANG_WARN_DEPRECATED_OBJC_IMPLEMENTATIONS = YES;
				CLANG_WARN_DIRECT_OBJC_ISA_USAGE = YES_ERROR;
				CLANG_WARN_DOCUMENTATION_COMMENTS = YES;
				CLANG_WARN_EMPTY_BODY = YES;
				CLANG_WARN_ENUM_CONVERSION = YES;
				CLANG_WARN_INFINITE_RECURSION = YES;
				CLANG_WARN_INT_CONVERSION = YES;
				CLANG_WARN_NON_LITERAL_NULL_CONVERSION = YES;
				CLANG_WARN_OBJC_IMPLICIT_RETAIN_SELF = YES;
				CLANG_WARN_OBJC_LITERAL_CONVERSION = YES;
				CLANG_WARN_OBJC_ROOT_CLASS = YES_ERROR;
				CLANG_WARN_RANGE_LOOP_ANALYSIS = YES;
				CLANG_WARN_STRICT_PROTOTYPES = YES;
				CLANG_WARN_SUSPICIOUS_MOVE = YES;
				CLANG_WARN_UNGUARDED_AVAILABILITY = YES_AGGRESSIVE;
				CLANG_WARN_UNREACHABLE_CODE = YES;
				CLANG_WARN__DUPLICATE_METHOD_MATCH = YES;
				CODE_SIGN_IDENTITY = "iPhone Developer";
				COPY_PHASE_STRIP = NO;
				DEBUG_INFORMATION_FORMAT = dwarf;
				ENABLE_STRICT_OBJC_MSGSEND = YES;
				ENABLE_TESTABILITY = YES;
				GCC_C_LANGUAGE_STANDARD = gnu11;
				GCC_DYNAMIC_NO_PIC = NO;
				GCC_NO_COMMON_BLOCKS = YES;
				GCC_OPTIMIZATION_LEVEL = 0;
				GCC_PREPROCESSOR_DEFINITIONS = (
					"DEBUG=1",
					"$(inherited)",
				);
				GCC_WARN_64_TO_32_BIT_CONVERSION = YES;
				GCC_WARN_ABOUT_RETURN_TYPE = YES_ERROR;
				GCC_WARN_UNDECLARED_SELECTOR = YES;
				GCC_WARN_UNINITIALIZED_AUTOS = YES_AGGRESSIVE;
				GCC_WARN_UNUSED_FUNCTION = YES;
				GCC_WARN_UNUSED_VARIABLE = YES;
				IPHONEOS_DEPLOYMENT_TARGET = 12.4;
				MTL_ENABLE_DEBUG_INFO = INCLUDE_SOURCE;
				MTL_FAST_MATH = YES;
				ONLY_ACTIVE_ARCH = YES;
				SDKROOT = iphoneos;
				SWIFT_ACTIVE_COMPILATION_CONDITIONS = DEBUG;
				SWIFT_OPTIMIZATION_LEVEL = "-Onone";
			};
			name = Debug;
		};
		FF8138B12310E12E0008D633 /* Release */ = {
			isa = XCBuildConfiguration;
			buildSettings = {
				ALWAYS_SEARCH_USER_PATHS = NO;
				CLANG_ANALYZER_NONNULL = YES;
				CLANG_ANALYZER_NUMBER_OBJECT_CONVERSION = YES_AGGRESSIVE;
				CLANG_CXX_LANGUAGE_STANDARD = "gnu++14";
				CLANG_CXX_LIBRARY = "libc++";
				CLANG_ENABLE_MODULES = YES;
				CLANG_ENABLE_OBJC_ARC = YES;
				CLANG_ENABLE_OBJC_WEAK = YES;
				CLANG_WARN_BLOCK_CAPTURE_AUTORELEASING = YES;
				CLANG_WARN_BOOL_CONVERSION = YES;
				CLANG_WARN_COMMA = YES;
				CLANG_WARN_CONSTANT_CONVERSION = YES;
				CLANG_WARN_DEPRECATED_OBJC_IMPLEMENTATIONS = YES;
				CLANG_WARN_DIRECT_OBJC_ISA_USAGE = YES_ERROR;
				CLANG_WARN_DOCUMENTATION_COMMENTS = YES;
				CLANG_WARN_EMPTY_BODY = YES;
				CLANG_WARN_ENUM_CONVERSION = YES;
				CLANG_WARN_INFINITE_RECURSION = YES;
				CLANG_WARN_INT_CONVERSION = YES;
				CLANG_WARN_NON_LITERAL_NULL_CONVERSION = YES;
				CLANG_WARN_OBJC_IMPLICIT_RETAIN_SELF = YES;
				CLANG_WARN_OBJC_LITERAL_CONVERSION = YES;
				CLANG_WARN_OBJC_ROOT_CLASS = YES_ERROR;
				CLANG_WARN_RANGE_LOOP_ANALYSIS = YES;
				CLANG_WARN_STRICT_PROTOTYPES = YES;
				CLANG_WARN_SUSPICIOUS_MOVE = YES;
				CLANG_WARN_UNGUARDED_AVAILABILITY = YES_AGGRESSIVE;
				CLANG_WARN_UNREACHABLE_CODE = YES;
				CLANG_WARN__DUPLICATE_METHOD_MATCH = YES;
				CODE_SIGN_IDENTITY = "iPhone Developer";
				COPY_PHASE_STRIP = NO;
				DEBUG_INFORMATION_FORMAT = "dwarf-with-dsym";
				ENABLE_NS_ASSERTIONS = NO;
				ENABLE_STRICT_OBJC_MSGSEND = YES;
				GCC_C_LANGUAGE_STANDARD = gnu11;
				GCC_NO_COMMON_BLOCKS = YES;
				GCC_WARN_64_TO_32_BIT_CONVERSION = YES;
				GCC_WARN_ABOUT_RETURN_TYPE = YES_ERROR;
				GCC_WARN_UNDECLARED_SELECTOR = YES;
				GCC_WARN_UNINITIALIZED_AUTOS = YES_AGGRESSIVE;
				GCC_WARN_UNUSED_FUNCTION = YES;
				GCC_WARN_UNUSED_VARIABLE = YES;
				IPHONEOS_DEPLOYMENT_TARGET = 12.4;
				MTL_ENABLE_DEBUG_INFO = NO;
				MTL_FAST_MATH = YES;
				SDKROOT = iphoneos;
				SWIFT_COMPILATION_MODE = wholemodule;
				SWIFT_OPTIMIZATION_LEVEL = "-O";
				VALIDATE_PRODUCT = YES;
			};
			name = Release;
		};
		FF8138B32310E12E0008D633 /* Debug */ = {
			isa = XCBuildConfiguration;
			buildSettings = {
				ASSETCATALOG_COMPILER_APPICON_NAME = AppIcon;
				CODE_SIGN_STYLE = Automatic;
				DEVELOPMENT_TEAM = BS88L4V3NZ;
				INFOPLIST_FILE = WhiteSleep/Info.plist;
				LD_RUNPATH_SEARCH_PATHS = (
					"$(inherited)",
					"@executable_path/Frameworks",
				);
				PRODUCT_BUNDLE_IDENTIFIER = com.nott.kitty.WhiteSleep;
				PRODUCT_NAME = "$(TARGET_NAME)";
				SWIFT_VERSION = 5.0;
				TARGETED_DEVICE_FAMILY = "1,2";
			};
			name = Debug;
		};
		FF8138B42310E12E0008D633 /* Release */ = {
			isa = XCBuildConfiguration;
			buildSettings = {
				ASSETCATALOG_COMPILER_APPICON_NAME = AppIcon;
				CODE_SIGN_STYLE = Automatic;
				DEVELOPMENT_TEAM = BS88L4V3NZ;
				INFOPLIST_FILE = WhiteSleep/Info.plist;
				LD_RUNPATH_SEARCH_PATHS = (
					"$(inherited)",
					"@executable_path/Frameworks",
				);
				PRODUCT_BUNDLE_IDENTIFIER = com.nott.kitty.WhiteSleep;
				PRODUCT_NAME = "$(TARGET_NAME)";
				SWIFT_VERSION = 5.0;
				TARGETED_DEVICE_FAMILY = "1,2";
			};
			name = Release;
		};
		FF8138B62310E12E0008D633 /* Debug */ = {
			isa = XCBuildConfiguration;
			buildSettings = {
				ALWAYS_EMBED_SWIFT_STANDARD_LIBRARIES = YES;
				BUNDLE_LOADER = "$(TEST_HOST)";
				CODE_SIGN_STYLE = Automatic;
				INFOPLIST_FILE = WhiteSleepTests/Info.plist;
				LD_RUNPATH_SEARCH_PATHS = (
					"$(inherited)",
					"@executable_path/Frameworks",
					"@loader_path/Frameworks",
				);
				PRODUCT_BUNDLE_IDENTIFIER = com.nott.kitty.WhiteSleepTests;
				PRODUCT_NAME = "$(TARGET_NAME)";
				SWIFT_VERSION = 5.0;
				TARGETED_DEVICE_FAMILY = "1,2";
				TEST_HOST = "$(BUILT_PRODUCTS_DIR)/WhiteSleep.app/WhiteSleep";
			};
			name = Debug;
		};
		FF8138B72310E12E0008D633 /* Release */ = {
			isa = XCBuildConfiguration;
			buildSettings = {
				ALWAYS_EMBED_SWIFT_STANDARD_LIBRARIES = YES;
				BUNDLE_LOADER = "$(TEST_HOST)";
				CODE_SIGN_STYLE = Automatic;
				INFOPLIST_FILE = WhiteSleepTests/Info.plist;
				LD_RUNPATH_SEARCH_PATHS = (
					"$(inherited)",
					"@executable_path/Frameworks",
					"@loader_path/Frameworks",
				);
				PRODUCT_BUNDLE_IDENTIFIER = com.nott.kitty.WhiteSleepTests;
				PRODUCT_NAME = "$(TARGET_NAME)";
				SWIFT_VERSION = 5.0;
				TARGETED_DEVICE_FAMILY = "1,2";
				TEST_HOST = "$(BUILT_PRODUCTS_DIR)/WhiteSleep.app/WhiteSleep";
			};
			name = Release;
		};
		FF8138B92310E12E0008D633 /* Debug */ = {
			isa = XCBuildConfiguration;
			buildSettings = {
				ALWAYS_EMBED_SWIFT_STANDARD_LIBRARIES = YES;
				CODE_SIGN_STYLE = Automatic;
				INFOPLIST_FILE = WhiteSleepUITests/Info.plist;
				LD_RUNPATH_SEARCH_PATHS = (
					"$(inherited)",
					"@executable_path/Frameworks",
					"@loader_path/Frameworks",
				);
				PRODUCT_BUNDLE_IDENTIFIER = com.nott.kitty.WhiteSleepUITests;
				PRODUCT_NAME = "$(TARGET_NAME)";
				SWIFT_VERSION = 5.0;
				TARGETED_DEVICE_FAMILY = "1,2";
				TEST_TARGET_NAME = WhiteSleep;
			};
			name = Debug;
		};
		FF8138BA2310E12E0008D633 /* Release */ = {
			isa = XCBuildConfiguration;
			buildSettings = {
				ALWAYS_EMBED_SWIFT_STANDARD_LIBRARIES = YES;
				CODE_SIGN_STYLE = Automatic;
				INFOPLIST_FILE = WhiteSleepUITests/Info.plist;
				LD_RUNPATH_SEARCH_PATHS = (
					"$(inherited)",
					"@executable_path/Frameworks",
					"@loader_path/Frameworks",
				);
				PRODUCT_BUNDLE_IDENTIFIER = com.nott.kitty.WhiteSleepUITests;
				PRODUCT_NAME = "$(TARGET_NAME)";
				SWIFT_VERSION = 5.0;
				TARGETED_DEVICE_FAMILY = "1,2";
				TEST_TARGET_NAME = WhiteSleep;
			};
			name = Release;
		};
/* End XCBuildConfiguration section */

/* Begin XCConfigurationList section */
		FF8138852310E12D0008D633 /* Build configuration list for PBXProject "WhiteSleep" */ = {
			isa = XCConfigurationList;
			buildConfigurations = (
				FF8138B02310E12E0008D633 /* Debug */,
				FF8138B12310E12E0008D633 /* Release */,
			);
			defaultConfigurationIsVisible = 0;
			defaultConfigurationName = Release;
		};
		FF8138B22310E12E0008D633 /* Build configuration list for PBXNativeTarget "WhiteSleep" */ = {
			isa = XCConfigurationList;
			buildConfigurations = (
				FF8138B32310E12E0008D633 /* Debug */,
				FF8138B42310E12E0008D633 /* Release */,
			);
			defaultConfigurationIsVisible = 0;
			defaultConfigurationName = Release;
		};
		FF8138B52310E12E0008D633 /* Build configuration list for PBXNativeTarget "WhiteSleepTests" */ = {
			isa = XCConfigurationList;
			buildConfigurations = (
				FF8138B62310E12E0008D633 /* Debug */,
				FF8138B72310E12E0008D633 /* Release */,
			);
			defaultConfigurationIsVisible = 0;
			defaultConfigurationName = Release;
		};
		FF8138B82310E12E0008D633 /* Build configuration list for PBXNativeTarget "WhiteSleepUITests" */ = {
			isa = XCConfigurationList;
			buildConfigurations = (
				FF8138B92310E12E0008D633 /* Debug */,
				FF8138BA2310E12E0008D633 /* Release */,
			);
			defaultConfigurationIsVisible = 0;
			defaultConfigurationName = Release;
		};
/* End XCConfigurationList section */
	};
	rootObject = FF8138822310E12D0008D633 /* Project object */;
}
